
Microsoft Visual Studio Solution File, Format Version 12.00
# Visual Studio Version 17
VisualStudioVersion = 17.8.34330.188
MinimumVisualStudioVersion = 10.0.40219.1
Project("{FAE04EC0-301F-11D3-BF4B-00C04F79EFBC}") = "sysTINSApp", "sysTINSApp.csproj", "{C7BCDCB1-F0A7-4F51-B430-4DDF5336CBAE}"
EndProject
Project("{FAE04EC0-301F-11D3-BF4B-00C04F79EFBC}") = "SysTINSClass", "..\SysTINSClass\SysTINSClass.csproj", "{5EB61FE6-6AED-4ADC-BA16-6A6A6065EBAC}"
EndProject
Global
	GlobalSection(SolutionConfigurationPlatforms) = preSolution
		Debug|Any CPU = Debug|Any CPU
		Release|Any CPU = Release|Any CPU
	EndGlobalSection
	GlobalSection(ProjectConfigurationPlatforms) = postSolution
		{C7BCDCB1-F0A7-4F51-B430-4DDF5336CBAE}.Debug|Any CPU.ActiveCfg = Debug|Any CPU
		{C7BCDCB1-F0A7-4F51-B430-4DDF5336CBAE}.Debug|Any CPU.Build.0 = Debug|Any CPU
		{C7BCDCB1-F0A7-4F51-B430-4DDF5336CBAE}.Release|Any CPU.ActiveCfg = Release|Any CPU
		{C7BCDCB1-F0A7-4F51-B430-4DDF5336CBAE}.Release|Any CPU.Build.0 = Release|Any CPU
		{5EB61FE6-6AED-4ADC-BA16-6A6A6065EBAC}.Debug|Any CPU.ActiveCfg = Debug|Any CPU
		{5EB61FE6-6AED-4ADC-BA16-6A6A6065EBAC}.Debug|Any CPU.Build.0 = Debug|Any CPU
		{5EB61FE6-6AED-4ADC-BA16-6A6A6065EBAC}.Release|Any CPU.ActiveCfg = Release|Any CPU
		{5EB61FE6-6AED-4ADC-BA16-6A6A6065EBAC}.Release|Any CPU.Build.0 = Release|Any CPU
	EndGlobalSection
	GlobalSection(SolutionProperties) = preSolution
		HideSolutionNode = FALSE
	EndGlobalSection
	GlobalSection(ExtensibilityGlobals) = postSolution
		SolutionGuid = {01E56BDB-6A01-4A3A-8F93-3FAE91963FE4}
	EndGlobalSection
EndGlobal
